
Microsoft Visual Studio Solution File, Format Version 12.00
# Visual Studio Version 16
VisualStudioVersion = 16.0.29411.108
MinimumVisualStudioVersion = 10.0.40219.1
Project("{FAE04EC0-301F-11D3-BF4B-00C04F79EFBC}") = "DAB_Assignment_3", "DAB_Assignment_3\DAB_Assignment_3.csproj", "{FA963CAB-F3D2-4E71-9F83-E4B7C51749A7}"
EndProject
Global
	GlobalSection(SolutionConfigurationPlatforms) = preSolution
		Debug|Any CPU = Debug|Any CPU
		Release|Any CPU = Release|Any CPU
	EndGlobalSection
	GlobalSection(ProjectConfigurationPlatforms) = postSolution
		{FA963CAB-F3D2-4E71-9F83-E4B7C51749A7}.Debug|Any CPU.ActiveCfg = Debug|Any CPU
		{FA963CAB-F3D2-4E71-9F83-E4B7C51749A7}.Debug|Any CPU.Build.0 = Debug|Any CPU
		{FA963CAB-F3D2-4E71-9F83-E4B7C51749A7}.Release|Any CPU.ActiveCfg = Release|Any CPU
		{FA963CAB-F3D2-4E71-9F83-E4B7C51749A7}.Release|Any CPU.Build.0 = Release|Any CPU
	EndGlobalSection
	GlobalSection(SolutionProperties) = preSolution
		HideSolutionNode = FALSE
	EndGlobalSection
	GlobalSection(ExtensibilityGlobals) = postSolution
		SolutionGuid = {2486B5F4-D963-48E8-AE7C-13378549A32F}
	EndGlobalSection
EndGlobal
